Microsoft Visual Studio Solution File, Format Version 12.00
# Visual Studio Version 17
VisualStudioVersion = 17.5.2.0
MinimumVisualStudioVersion = 10.0.40219.1
Project("{FAE04EC0-301F-11D3-BF4B-00C04F79EFBC}") = "CityDriveManager", "CityDriveManager.csproj", "{E581DBA8-407D-C0EC-A932-5C31CCF4B036}"
EndProject
Global
	GlobalSection(SolutionConfigurationPlatforms) = preSolution
		Debug|Any CPU = Debug|Any CPU
		Release|Any CPU = Release|Any CPU
	EndGlobalSection
	GlobalSection(ProjectConfigurationPlatforms) = postSolution
		{E581DBA8-407D-C0EC-A932-5C31CCF4B036}.Debug|Any CPU.ActiveCfg = Debug|Any CPU
		{E581DBA8-407D-C0EC-A932-5C31CCF4B036}.Debug|Any CPU.Build.0 = Debug|Any CPU
		{E581DBA8-407D-C0EC-A932-5C31CCF4B036}.Release|Any CPU.ActiveCfg = Release|Any CPU
		{E581DBA8-407D-C0EC-A932-5C31CCF4B036}.Release|Any CPU.Build.0 = Release|Any CPU
	EndGlobalSection
	GlobalSection(SolutionProperties) = preSolution
		HideSolutionNode = FALSE
	EndGlobalSection
	GlobalSection(ExtensibilityGlobals) = postSolution
		SolutionGuid = {D0EAD8D7-71FB-4A96-9BD5-B3AA090FCEEB}
	EndGlobalSection
EndGlobal
